
Microsoft Visual Studio Solution File, Format Version 12.00
# Visual Studio 15
Project("{FAE04EC0-301F-11D3-BF4B-00C04F79EFBC}") = "Assembly-CSharp", "Assembly-CSharp.csproj", "{0681A7C8-98D0-68E7-2E41-BF4B3BAB7A4A}"
EndProject
Global
	GlobalSection(SolutionConfigurationPlatforms) = preSolution
		Debug|Any CPU = Debug|Any CPU
		Release|Any CPU = Release|Any CPU
	EndGlobalSection
	GlobalSection(ProjectConfigurationPlatforms) = postSolution
		{0681A7C8-98D0-68E7-2E41-BF4B3BAB7A4A}.Debug|Any CPU.ActiveCfg = Debug|Any CPU
		{0681A7C8-98D0-68E7-2E41-BF4B3BAB7A4A}.Debug|Any CPU.Build.0 = Debug|Any CPU
		{0681A7C8-98D0-68E7-2E41-BF4B3BAB7A4A}.Release|Any CPU.ActiveCfg = Release|Any CPU
		{0681A7C8-98D0-68E7-2E41-BF4B3BAB7A4A}.Release|Any CPU.Build.0 = Release|Any CPU
	EndGlobalSection
	GlobalSection(SolutionProperties) = preSolution
		HideSolutionNode = FALSE
	EndGlobalSection
EndGlobal
